// !$*UTF8*$!
{
	archiveVersion = 1;
	classes = {
	};
	objectVersion = 50;
	objects = {

/* Begin PBXBuildFile section */
		3E29963D4CD4E852B18C9019 /* libPods-LolayInvestigoTests.a in Frameworks */ = {isa = PBXBuildFile; fileRef = 475AD88A56980F9730F6C090 /* libPods-LolayInvestigoTests.a */; };
		4E2B433B2228C15400CF2296 /* LolayInvestigo.framework in Frameworks */ = {isa = PBXBuildFile; fileRef = 4E2B43312228C15400CF2296 /* LolayInvestigo.framework */; };
		4E2B43422228C15400CF2296 /* LolayInvestigo.h in Headers */ = {isa = PBXBuildFile; fileRef = 4E2B43342228C15400CF2296 /* LolayInvestigo.h */; settings = {ATTRIBUTES = (Public, ); }; };
		4E2B437E2228C57B00CF2296 /* LolayTracker.swift in Sources */ = {isa = PBXBuildFile; fileRef = 4E2B437D2228C57B00CF2296 /* LolayTracker.swift */; };
		4E2B43C02228E44500CF2296 /* LolayNoTracker.swift in Sources */ = {isa = PBXBuildFile; fileRef = 4E2B43BF2228E44500CF2296 /* LolayNoTracker.swift */; };
		4E2B43C22228E47500CF2296 /* LolayBaseTracker.swift in Sources */ = {isa = PBXBuildFile; fileRef = 4E2B43C12228E47500CF2296 /* LolayBaseTracker.swift */; };
		4E2B43C42228EAFE00CF2296 /* LolayOSLogTracker.swift in Sources */ = {isa = PBXBuildFile; fileRef = 4E2B43C32228EAFE00CF2296 /* LolayOSLogTracker.swift */; };
		4E2B43C62228F04400CF2296 /* LolayOSLogTrackerTests.swift in Sources */ = {isa = PBXBuildFile; fileRef = 4E2B43C52228F04400CF2296 /* LolayOSLogTrackerTests.swift */; };
		4E2B43CA2228F83C00CF2296 /* LolayMultipleTracker.swift in Sources */ = {isa = PBXBuildFile; fileRef = 4E2B43C92228F83C00CF2296 /* LolayMultipleTracker.swift */; };
		4E6AAE1922290CFD00EA9CFF /* LolayMultipleTrackerTests.swift in Sources */ = {isa = PBXBuildFile; fileRef = 4E6AAE1822290CFD00EA9CFF /* LolayMultipleTrackerTests.swift */; };
		4E6AAE1B2229103900EA9CFF /* LolayFirebaseTracker.swift in Sources */ = {isa = PBXBuildFile; fileRef = 4E6AAE1A2229103900EA9CFF /* LolayFirebaseTracker.swift */; };
		4E6AAE1D2229199E00EA9CFF /* LolayCrashlyticsTracker.swift in Sources */ = {isa = PBXBuildFile; fileRef = 4E6AAE1C2229199E00EA9CFF /* LolayCrashlyticsTracker.swift */; };
		4E6AAE2922291F9A00EA9CFF /* LolayFirebaseTrackerTests.swift in Sources */ = {isa = PBXBuildFile; fileRef = 4E6AAE2822291F9A00EA9CFF /* LolayFirebaseTrackerTests.swift */; };
		4E6AAE2B2229201B00EA9CFF /* LolayCrashlyticsTracker.swift in Sources */ = {isa = PBXBuildFile; fileRef = 4E6AAE2A2229201B00EA9CFF /* LolayCrashlyticsTracker.swift */; };
		5A4912F2B1722A33ED1312F9 /* libPods-LolayInvestigo.a in Frameworks */ = {isa = PBXBuildFile; fileRef = 7A9B9C1C46C16CB3EDEEB71A /* libPods-LolayInvestigo.a */; };
/* End PBXBuildFile section */

/* Begin PBXContainerItemProxy section */
		4E2B433C2228C15400CF2296 /* PBXContainerItemProxy */ = {
			isa = PBXContainerItemProxy;
			containerPortal = 4E2B43282228C15400CF2296 /* Project object */;
			proxyType = 1;
			remoteGlobalIDString = 4E2B43302228C15400CF2296;
			remoteInfo = LolayInvestigo;
		};
/* End PBXContainerItemProxy section */

/* Begin PBXFileReference section */
		3215B71B84F39629DBC34B73 /* Pods-LolayInvestigo.release.xcconfig */ = {isa = PBXFileReference; includeInIndex = 1; lastKnownFileType = text.xcconfig; name = "Pods-LolayInvestigo.release.xcconfig"; path = "Pods/Target Support Files/Pods-LolayInvestigo/Pods-LolayInvestigo.release.xcconfig"; sourceTree = "<group>"; };
		475AD88A56980F9730F6C090 /* libPods-LolayInvestigoTests.a */ = {isa = PBXFileReference; explicitFileType = archive.ar; includeInIndex = 0; path = "libPods-LolayInvestigoTests.a"; sourceTree = BUILT_PRODUCTS_DIR; };
		4E2B43312228C15400CF2296 /* LolayInvestigo.framework */ = {isa = PBXFileReference; explicitFileType = wrapper.framework; includeInIndex = 0; path = LolayInvestigo.framework; sourceTree = BUILT_PRODUCTS_DIR; };
		4E2B43342228C15400CF2296 /* LolayInvestigo.h */ = {isa = PBXFileReference; lastKnownFileType = sourcecode.c.h; path = LolayInvestigo.h; sourceTree = "<group>"; };
		4E2B43352228C15400CF2296 /* Info.plist */ = {isa = PBXFileReference; lastKnownFileType = text.plist.xml; path = Info.plist; sourceTree = "<group>"; };
		4E2B433A2228C15400CF2296 /* LolayInvestigoTests.xctest */ = {isa = PBXFileReference; explicitFileType = wrapper.cfbundle; includeInIndex = 0; path = LolayInvestigoTests.xctest; sourceTree = BUILT_PRODUCTS_DIR; };
		4E2B43412228C15400CF2296 /* Info.plist */ = {isa = PBXFileReference; lastKnownFileType = text.plist.xml; path = Info.plist; sourceTree = "<group>"; };
		4E2B437D2228C57B00CF2296 /* LolayTracker.swift */ = {isa = PBXFileReference; lastKnownFileType = sourcecode.swift; path = LolayTracker.swift; sourceTree = "<group>"; };
		4E2B43BF2228E44500CF2296 /* LolayNoTracker.swift */ = {isa = PBXFileReference; lastKnownFileType = sourcecode.swift; path = LolayNoTracker.swift; sourceTree = "<group>"; };
		4E2B43C12228E47500CF2296 /* LolayBaseTracker.swift */ = {isa = PBXFileReference; lastKnownFileType = sourcecode.swift; path = LolayBaseTracker.swift; sourceTree = "<group>"; };
		4E2B43C32228EAFE00CF2296 /* LolayOSLogTracker.swift */ = {isa = PBXFileReference; lastKnownFileType = sourcecode.swift; path = LolayOSLogTracker.swift; sourceTree = "<group>"; };
		4E2B43C52228F04400CF2296 /* LolayOSLogTrackerTests.swift */ = {isa = PBXFileReference; lastKnownFileType = sourcecode.swift; path = LolayOSLogTrackerTests.swift; sourceTree = "<group>"; };
		4E2B43C92228F83C00CF2296 /* LolayMultipleTracker.swift */ = {isa = PBXFileReference; lastKnownFileType = sourcecode.swift; path = LolayMultipleTracker.swift; sourceTree = "<group>"; };
		4E58D8B2222D075000666395 /* README.md */ = {isa = PBXFileReference; fileEncoding = 4; lastKnownFileType = net.daringfireball.markdown; path = README.md; sourceTree = "<group>"; };
		4E6AAE142229077500EA9CFF /* LICENSE */ = {isa = PBXFileReference; fileEncoding = 4; lastKnownFileType = text; path = LICENSE; sourceTree = "<group>"; };
		4E6AAE1822290CFD00EA9CFF /* LolayMultipleTrackerTests.swift */ = {isa = PBXFileReference; lastKnownFileType = sourcecode.swift; path = LolayMultipleTrackerTests.swift; sourceTree = "<group>"; };
		4E6AAE1A2229103900EA9CFF /* LolayFirebaseTracker.swift */ = {isa = PBXFileReference; lastKnownFileType = sourcecode.swift; path = LolayFirebaseTracker.swift; sourceTree = "<group>"; };
		4E6AAE1C2229199E00EA9CFF /* LolayCrashlyticsTracker.swift */ = {isa = PBXFileReference; lastKnownFileType = sourcecode.swift; path = LolayCrashlyticsTracker.swift; sourceTree = "<group>"; };
		4E6AAE2822291F9A00EA9CFF /* LolayFirebaseTrackerTests.swift */ = {isa = PBXFileReference; lastKnownFileType = sourcecode.swift; path = LolayFirebaseTrackerTests.swift; sourceTree = "<group>"; };
		4E6AAE2A2229201B00EA9CFF /* LolayCrashlyticsTracker.swift */ = {isa = PBXFileReference; lastKnownFileType = sourcecode.swift; path = LolayCrashlyticsTracker.swift; sourceTree = "<group>"; };
		7A9B9C1C46C16CB3EDEEB71A /* libPods-LolayInvestigo.a */ = {isa = PBXFileReference; explicitFileType = archive.ar; includeInIndex = 0; path = "libPods-LolayInvestigo.a"; sourceTree = BUILT_PRODUCTS_DIR; };
		9D3F217519E8E50FC1E20AE8 /* Pods-LolayInvestigoTests.debug.xcconfig */ = {isa = PBXFileReference; includeInIndex = 1; lastKnownFileType = text.xcconfig; name = "Pods-LolayInvestigoTests.debug.xcconfig"; path = "Pods/Target Support Files/Pods-LolayInvestigoTests/Pods-LolayInvestigoTests.debug.xcconfig"; sourceTree = "<group>"; };
		AE3C30D5B762CB01C6AE20F9 /* Pods-LolayInvestigo.debug.xcconfig */ = {isa = PBXFileReference; includeInIndex = 1; lastKnownFileType = text.xcconfig; name = "Pods-LolayInvestigo.debug.xcconfig"; path = "Pods/Target Support Files/Pods-LolayInvestigo/Pods-LolayInvestigo.debug.xcconfig"; sourceTree = "<group>"; };
		D67C5B8629EFE31B777071E8 /* Pods-LolayInvestigoTests.release.xcconfig */ = {isa = PBXFileReference; includeInIndex = 1; lastKnownFileType = text.xcconfig; name = "Pods-LolayInvestigoTests.release.xcconfig"; path = "Pods/Target Support Files/Pods-LolayInvestigoTests/Pods-LolayInvestigoTests.release.xcconfig"; sourceTree = "<group>"; };
/* End PBXFileReference section */

/* Begin PBXFrameworksBuildPhase section */
		4E2B432E2228C15400CF2296 /* Frameworks */ = {
			isa = PBXFrameworksBuildPhase;
			buildActionMask = 2147483647;
			files = (
				5A4912F2B1722A33ED1312F9 /* libPods-LolayInvestigo.a in Frameworks */,
			);
			runOnlyForDeploymentPostprocessing = 0;
		};
		4E2B43372228C15400CF2296 /* Frameworks */ = {
			isa = PBXFrameworksBuildPhase;
			buildActionMask = 2147483647;
			files = (
				4E2B433B2228C15400CF2296 /* LolayInvestigo.framework in Frameworks */,
				3E29963D4CD4E852B18C9019 /* libPods-LolayInvestigoTests.a in Frameworks */,
			);
			runOnlyForDeploymentPostprocessing = 0;
		};
/* End PBXFrameworksBuildPhase section */

/* Begin PBXGroup section */
		4E2B43272228C15400CF2296 = {
			isa = PBXGroup;
			children = (
				4E6AAE142229077500EA9CFF /* LICENSE */,
				4E58D8B2222D075000666395 /* README.md */,
				4E2B43332228C15400CF2296 /* LolayInvestigo */,
				4E2B433E2228C15400CF2296 /* LolayInvestigoTests */,
				4E2B43322228C15400CF2296 /* Products */,
				E1727ECF3304B2513B386A1D /* Pods */,
				53244F7066104331B29A1D10 /* Frameworks */,
			);
			sourceTree = "<group>";
		};
		4E2B43322228C15400CF2296 /* Products */ = {
			isa = PBXGroup;
			children = (
				4E2B43312228C15400CF2296 /* LolayInvestigo.framework */,
				4E2B433A2228C15400CF2296 /* LolayInvestigoTests.xctest */,
			);
			name = Products;
			sourceTree = "<group>";
		};
		4E2B43332228C15400CF2296 /* LolayInvestigo */ = {
			isa = PBXGroup;
			children = (
				4E2B43342228C15400CF2296 /* LolayInvestigo.h */,
				4E2B43352228C15400CF2296 /* Info.plist */,
				4E2B437D2228C57B00CF2296 /* LolayTracker.swift */,
				4E2B43BF2228E44500CF2296 /* LolayNoTracker.swift */,
				4E2B43C12228E47500CF2296 /* LolayBaseTracker.swift */,
				4E2B43C32228EAFE00CF2296 /* LolayOSLogTracker.swift */,
				4E2B43C92228F83C00CF2296 /* LolayMultipleTracker.swift */,
				4E6AAE1A2229103900EA9CFF /* LolayFirebaseTracker.swift */,
				4E6AAE1C2229199E00EA9CFF /* LolayCrashlyticsTracker.swift */,
			);
			path = LolayInvestigo;
			sourceTree = "<group>";
		};
		4E2B433E2228C15400CF2296 /* LolayInvestigoTests */ = {
			isa = PBXGroup;
			children = (
				4E2B43412228C15400CF2296 /* Info.plist */,
				4E2B43C52228F04400CF2296 /* LolayOSLogTrackerTests.swift */,
				4E6AAE1822290CFD00EA9CFF /* LolayMultipleTrackerTests.swift */,
				4E6AAE2822291F9A00EA9CFF /* LolayFirebaseTrackerTests.swift */,
				4E6AAE2A2229201B00EA9CFF /* LolayCrashlyticsTracker.swift */,
			);
			path = LolayInvestigoTests;
			sourceTree = "<group>";
		};
		53244F7066104331B29A1D10 /* Frameworks */ = {
			isa = PBXGroup;
			children = (
				7A9B9C1C46C16CB3EDEEB71A /* libPods-LolayInvestigo.a */,
				475AD88A56980F9730F6C090 /* libPods-LolayInvestigoTests.a */,
			);
			name = Frameworks;
			sourceTree = "<group>";
		};
		E1727ECF3304B2513B386A1D /* Pods */ = {
			isa = PBXGroup;
			children = (
				AE3C30D5B762CB01C6AE20F9 /* Pods-LolayInvestigo.debug.xcconfig */,
				3215B71B84F39629DBC34B73 /* Pods-LolayInvestigo.release.xcconfig */,
				9D3F217519E8E50FC1E20AE8 /* Pods-LolayInvestigoTests.debug.xcconfig */,
				D67C5B8629EFE31B777071E8 /* Pods-LolayInvestigoTests.release.xcconfig */,
			);
			name = Pods;
			sourceTree = "<group>";
		};
/* End PBXGroup section */

/* Begin PBXHeadersBuildPhase section */
		4E2B432C2228C15400CF2296 /* Headers */ = {
			isa = PBXHeadersBuildPhase;
			buildActionMask = 2147483647;
			files = (
				4E2B43422228C15400CF2296 /* LolayInvestigo.h in Headers */,
			);
			runOnlyForDeploymentPostprocessing = 0;
		};
/* End PBXHeadersBuildPhase section */

/* Begin PBXNativeTarget section */
		4E2B43302228C15400CF2296 /* LolayInvestigo */ = {
			isa = PBXNativeTarget;
			buildConfigurationList = 4E2B43452228C15400CF2296 /* Build configuration list for PBXNativeTarget "LolayInvestigo" */;
			buildPhases = (
				4750EB2A2776FA998C3F5A2D /* [CP] Check Pods Manifest.lock */,
				4E2B432C2228C15400CF2296 /* Headers */,
				4E2B432D2228C15400CF2296 /* Sources */,
				4E2B432E2228C15400CF2296 /* Frameworks */,
				4E2B432F2228C15400CF2296 /* Resources */,
			);
			buildRules = (
			);
			dependencies = (
			);
			name = LolayInvestigo;
			productName = LolayInvestigo;
			productReference = 4E2B43312228C15400CF2296 /* LolayInvestigo.framework */;
			productType = "com.apple.product-type.framework";
		};
		4E2B43392228C15400CF2296 /* LolayInvestigoTests */ = {
			isa = PBXNativeTarget;
			buildConfigurationList = 4E2B43482228C15400CF2296 /* Build configuration list for PBXNativeTarget "LolayInvestigoTests" */;
			buildPhases = (
				0E7E3127CC9904BF70EF9642 /* [CP] Check Pods Manifest.lock */,
				4E2B43362228C15400CF2296 /* Sources */,
				4E2B43372228C15400CF2296 /* Frameworks */,
				4E2B43382228C15400CF2296 /* Resources */,
			);
			buildRules = (
			);
			dependencies = (
				4E2B433D2228C15400CF2296 /* PBXTargetDependency */,
			);
			name = LolayInvestigoTests;
			productName = LolayInvestigoTests;
			productReference = 4E2B433A2228C15400CF2296 /* LolayInvestigoTests.xctest */;
			productType = "com.apple.product-type.bundle.unit-test";
		};
/* End PBXNativeTarget section */

/* Begin PBXProject section */
		4E2B43282228C15400CF2296 /* Project object */ = {
			isa = PBXProject;
			attributes = {
				LastSwiftUpdateCheck = 1010;
				LastUpgradeCheck = 1010;
				ORGANIZATIONNAME = "Lolay, Inc.";
				TargetAttributes = {
					4E2B43302228C15400CF2296 = {
						CreatedOnToolsVersion = 10.1;
						LastSwiftMigration = 1010;
					};
					4E2B43392228C15400CF2296 = {
						CreatedOnToolsVersion = 10.1;
					};
				};
			};
			buildConfigurationList = 4E2B432B2228C15400CF2296 /* Build configuration list for PBXProject "LolayInvestigo" */;
			compatibilityVersion = "Xcode 9.3";
			developmentRegion = en;
			hasScannedForEncodings = 0;
			knownRegions = (
				en,
			);
			mainGroup = 4E2B43272228C15400CF2296;
			productRefGroup = 4E2B43322228C15400CF2296 /* Products */;
			projectDirPath = "";
			projectRoot = "";
			targets = (
				4E2B43302228C15400CF2296 /* LolayInvestigo */,
				4E2B43392228C15400CF2296 /* LolayInvestigoTests */,
			);
		};
/* End PBXProject section */

/* Begin PBXResourcesBuildPhase section */
		4E2B432F2228C15400CF2296 /* Resources */ = {
			isa = PBXResourcesBuildPhase;
			buildActionMask = 2147483647;
			files = (
			);
			runOnlyForDeploymentPostprocessing = 0;
		};
		4E2B43382228C15400CF2296 /* Resources */ = {
			isa = PBXResourcesBuildPhase;
			buildActionMask = 2147483647;
			files = (
			);
			runOnlyForDeploymentPostprocessing = 0;
		};
/* End PBXResourcesBuildPhase section */

/* Begin PBXShellScriptBuildPhase section */
		0E7E3127CC9904BF70EF9642 /* [CP] Check Pods Manifest.lock */ = {
			isa = PBXShellScriptBuildPhase;
			buildActionMask = 2147483647;
			files = (
			);
			inputPaths = (
				"${PODS_PODFILE_DIR_PATH}/Podfile.lock",
				"${PODS_ROOT}/Manifest.lock",
			);
			name = "[CP] Check Pods Manifest.lock";
			outputPaths = (
				"$(DERIVED_FILE_DIR)/Pods-LolayInvestigoTests-checkManifestLockResult.txt",
			);
			runOnlyForDeploymentPostprocessing = 0;
			shellPath = /bin/sh;
			shellScript = "diff \"${PODS_PODFILE_DIR_PATH}/Podfile.lock\" \"${PODS_ROOT}/Manifest.lock\" > /dev/null\nif [ $? != 0 ] ; then\n    # print error to STDERR\n    echo \"error: The sandbox is not in sync with the Podfile.lock. Run 'pod install' or update your CocoaPods installation.\" >&2\n    exit 1\nfi\n# This output is used by Xcode 'outputs' to avoid re-running this script phase.\necho \"SUCCESS\" > \"${SCRIPT_OUTPUT_FILE_0}\"\n";
			showEnvVarsInLog = 0;
		};
		4750EB2A2776FA998C3F5A2D /* [CP] Check Pods Manifest.lock */ = {
			isa = PBXShellScriptBuildPhase;
			buildActionMask = 2147483647;
			files = (
			);
			inputPaths = (
				"${PODS_PODFILE_DIR_PATH}/Podfile.lock",
				"${PODS_ROOT}/Manifest.lock",
			);
			name = "[CP] Check Pods Manifest.lock";
			outputPaths = (
				"$(DERIVED_FILE_DIR)/Pods-LolayInvestigo-checkManifestLockResult.txt",
			);
			runOnlyForDeploymentPostprocessing = 0;
			shellPath = /bin/sh;
			shellScript = "diff \"${PODS_PODFILE_DIR_PATH}/Podfile.lock\" \"${PODS_ROOT}/Manifest.lock\" > /dev/null\nif [ $? != 0 ] ; then\n    # print error to STDERR\n    echo \"error: The sandbox is not in sync with the Podfile.lock. Run 'pod install' or update your CocoaPods installation.\" >&2\n    exit 1\nfi\n# This output is used by Xcode 'outputs' to avoid re-running this script phase.\necho \"SUCCESS\" > \"${SCRIPT_OUTPUT_FILE_0}\"\n";
			showEnvVarsInLog = 0;
		};
/* End PBXShellScriptBuildPhase section */

/* Begin PBXSourcesBuildPhase section */
		4E2B432D2228C15400CF2296 /* Sources */ = {
			isa = PBXSourcesBuildPhase;
			buildActionMask = 2147483647;
			files = (
				4E6AAE1B2229103900EA9CFF /* LolayFirebaseTracker.swift in Sources */,
				4E2B43C22228E47500CF2296 /* LolayBaseTracker.swift in Sources */,
				4E2B437E2228C57B00CF2296 /* LolayTracker.swift in Sources */,
				4E2B43C02228E44500CF2296 /* LolayNoTracker.swift in Sources */,
				4E2B43CA2228F83C00CF2296 /* LolayMultipleTracker.swift in Sources */,
				4E2B43C42228EAFE00CF2296 /* LolayOSLogTracker.swift in Sources */,
				4E6AAE1D2229199E00EA9CFF /* LolayCrashlyticsTracker.swift in Sources */,
			);
			runOnlyForDeploymentPostprocessing = 0;
		};
		4E2B43362228C15400CF2296 /* Sources */ = {
			isa = PBXSourcesBuildPhase;
			buildActionMask = 2147483647;
			files = (
				4E6AAE2922291F9A00EA9CFF /* LolayFirebaseTrackerTests.swift in Sources */,
				4E6AAE1922290CFD00EA9CFF /* LolayMultipleTrackerTests.swift in Sources */,
				4E6AAE2B2229201B00EA9CFF /* LolayCrashlyticsTracker.swift in Sources */,
				4E2B43C62228F04400CF2296 /* LolayOSLogTrackerTests.swift in Sources */,
			);
			runOnlyForDeploymentPostprocessing = 0;
		};
/* End PBXSourcesBuildPhase section */

/* Begin PBXTargetDependency section */
		4E2B433D2228C15400CF2296 /* PBXTargetDependency */ = {
			isa = PBXTargetDependency;
			target = 4E2B43302228C15400CF2296 /* LolayInvestigo */;
			targetProxy = 4E2B433C2228C15400CF2296 /* PBXContainerItemProxy */;
		};
/* End PBXTargetDependency section */

/* Begin XCBuildConfiguration section */
		4E2B43432228C15400CF2296 /* Debug */ = {
			isa = XCBuildConfiguration;
			buildSettings = {
				ALWAYS_SEARCH_USER_PATHS = NO;
				CLANG_ANALYZER_NONNULL = YES;
				CLANG_ANALYZER_NUMBER_OBJECT_CONVERSION = YES_AGGRESSIVE;
				CLANG_CXX_LANGUAGE_STANDARD = "gnu++14";
				CLANG_CXX_LIBRARY = "libc++";
				CLANG_ENABLE_MODULES = YES;
				CLANG_ENABLE_OBJC_ARC = YES;
				CLANG_ENABLE_OBJC_WEAK = YES;
				CLANG_WARN_BLOCK_CAPTURE_AUTORELEASING = YES;
				CLANG_WARN_BOOL_CONVERSION = YES;
				CLANG_WARN_COMMA = YES;
				CLANG_WARN_CONSTANT_CONVERSION = YES;
				CLANG_WARN_DEPRECATED_OBJC_IMPLEMENTATIONS = YES;
				CLANG_WARN_DIRECT_OBJC_ISA_USAGE = YES_ERROR;
				CLANG_WARN_DOCUMENTATION_COMMENTS = YES;
				CLANG_WARN_EMPTY_BODY = YES;
				CLANG_WARN_ENUM_CONVERSION = YES;
				CLANG_WARN_INFINITE_RECURSION = YES;
				CLANG_WARN_INT_CONVERSION = YES;
				CLANG_WARN_NON_LITERAL_NULL_CONVERSION = YES;
				CLANG_WARN_OBJC_IMPLICIT_RETAIN_SELF = YES;
				CLANG_WARN_OBJC_LITERAL_CONVERSION = YES;
				CLANG_WARN_OBJC_ROOT_CLASS = YES_ERROR;
				CLANG_WARN_RANGE_LOOP_ANALYSIS = YES;
				CLANG_WARN_STRICT_PROTOTYPES = YES;
				CLANG_WARN_SUSPICIOUS_MOVE = YES;
				CLANG_WARN_UNGUARDED_AVAILABILITY = YES_AGGRESSIVE;
				CLANG_WARN_UNREACHABLE_CODE = YES;
				CLANG_WARN__DUPLICATE_METHOD_MATCH = YES;
				CODE_SIGN_IDENTITY = "iPhone Developer";
				COPY_PHASE_STRIP = NO;
				CURRENT_PROJECT_VERSION = 1;
				DEBUG_INFORMATION_FORMAT = dwarf;
				ENABLE_STRICT_OBJC_MSGSEND = YES;
				ENABLE_TESTABILITY = YES;
				GCC_C_LANGUAGE_STANDARD = gnu11;
				GCC_DYNAMIC_NO_PIC = NO;
				GCC_NO_COMMON_BLOCKS = YES;
				GCC_OPTIMIZATION_LEVEL = 0;
				GCC_PREPROCESSOR_DEFINITIONS = (
					"DEBUG=1",
					"$(inherited)",
				);
				GCC_WARN_64_TO_32_BIT_CONVERSION = YES;
				GCC_WARN_ABOUT_RETURN_TYPE = YES_ERROR;
				GCC_WARN_UNDECLARED_SELECTOR = YES;
				GCC_WARN_UNINITIALIZED_AUTOS = YES_AGGRESSIVE;
				GCC_WARN_UNUSED_FUNCTION = YES;
				GCC_WARN_UNUSED_VARIABLE = YES;
				IPHONEOS_DEPLOYMENT_TARGET = 12.1;
				MTL_ENABLE_DEBUG_INFO = INCLUDE_SOURCE;
				MTL_FAST_MATH = YES;
				ONLY_ACTIVE_ARCH = YES;
				OTHER_LDFLAGS = "-ObjC";
				SDKROOT = iphoneos;
				SWIFT_ACTIVE_COMPILATION_CONDITIONS = DEBUG;
				SWIFT_OPTIMIZATION_LEVEL = "-Onone";
				VERSIONING_SYSTEM = "apple-generic";
				VERSION_INFO_PREFIX = "";
			};
			name = Debug;
		};
		4E2B43442228C15400CF2296 /* Release */ = {
			isa = XCBuildConfiguration;
			buildSettings = {
				ALWAYS_SEARCH_USER_PATHS = NO;
				CLANG_ANALYZER_NONNULL = YES;
				CLANG_ANALYZER_NUMBER_OBJECT_CONVERSION = YES_AGGRESSIVE;
				CLANG_CXX_LANGUAGE_STANDARD = "gnu++14";
				CLANG_CXX_LIBRARY = "libc++";
				CLANG_ENABLE_MODULES = YES;
				CLANG_ENABLE_OBJC_ARC = YES;
				CLANG_ENABLE_OBJC_WEAK = YES;
				CLANG_WARN_BLOCK_CAPTURE_AUTORELEASING = YES;
				CLANG_WARN_BOOL_CONVERSION = YES;
				CLANG_WARN_COMMA = YES;
				CLANG_WARN_CONSTANT_CONVERSION = YES;
				CLANG_WARN_DEPRECATED_OBJC_IMPLEMENTATIONS = YES;
				CLANG_WARN_DIRECT_OBJC_ISA_USAGE = YES_ERROR;
				CLANG_WARN_DOCUMENTATION_COMMENTS = YES;
				CLANG_WARN_EMPTY_BODY = YES;
				CLANG_WARN_ENUM_CONVERSION = YES;
				CLANG_WARN_INFINITE_RECURSION = YES;
				CLANG_WARN_INT_CONVERSION = YES;
				CLANG_WARN_NON_LITERAL_NULL_CONVERSION = YES;
				CLANG_WARN_OBJC_IMPLICIT_RETAIN_SELF = YES;
				CLANG_WARN_OBJC_LITERAL_CONVERSION = YES;
				CLANG_WARN_OBJC_ROOT_CLASS = YES_ERROR;
				CLANG_WARN_RANGE_LOOP_ANALYSIS = YES;
				CLANG_WARN_STRICT_PROTOTYPES = YES;
				CLANG_WARN_SUSPICIOUS_MOVE = YES;
				CLANG_WARN_UNGUARDED_AVAILABILITY = YES_AGGRESSIVE;
				CLANG_WARN_UNREACHABLE_CODE = YES;
				CLANG_WARN__DUPLICATE_METHOD_MATCH = YES;
				CODE_SIGN_IDENTITY = "iPhone Developer";
				COPY_PHASE_STRIP = NO;
				CURRENT_PROJECT_VERSION = 1;
				DEBUG_INFORMATION_FORMAT = "dwarf-with-dsym";
				ENABLE_NS_ASSERTIONS = NO;
				ENABLE_STRICT_OBJC_MSGSEND = YES;
				GCC_C_LANGUAGE_STANDARD = gnu11;
				GCC_NO_COMMON_BLOCKS = YES;
				GCC_WARN_64_TO_32_BIT_CONVERSION = YES;
				GCC_WARN_ABOUT_RETURN_TYPE = YES_ERROR;
				GCC_WARN_UNDECLARED_SELECTOR = YES;
				GCC_WARN_UNINITIALIZED_AUTOS = YES_AGGRESSIVE;
				GCC_WARN_UNUSED_FUNCTION = YES;
				GCC_WARN_UNUSED_VARIABLE = YES;
				IPHONEOS_DEPLOYMENT_TARGET = 12.1;
				MTL_ENABLE_DEBUG_INFO = NO;
				MTL_FAST_MATH = YES;
				OTHER_LDFLAGS = "-ObjC";
				SDKROOT = iphoneos;
				SWIFT_COMPILATION_MODE = wholemodule;
				SWIFT_OPTIMIZATION_LEVEL = "-O";
				VALIDATE_PRODUCT = YES;
				VERSIONING_SYSTEM = "apple-generic";
				VERSION_INFO_PREFIX = "";
			};
			name = Release;
		};
		4E2B43462228C15400CF2296 /* Debug */ = {
			isa = XCBuildConfiguration;
			baseConfigurationReference = AE3C30D5B762CB01C6AE20F9 /* Pods-LolayInvestigo.debug.xcconfig */;
			buildSettings = {
				CLANG_ENABLE_MODULES = YES;
				CODE_SIGN_IDENTITY = "";
				CODE_SIGN_STYLE = Automatic;
				DEFINES_MODULE = YES;
				DYLIB_COMPATIBILITY_VERSION = 1;
				DYLIB_CURRENT_VERSION = 1;
				DYLIB_INSTALL_NAME_BASE = "@rpath";
				INFOPLIST_FILE = LolayInvestigo/Info.plist;
				INSTALL_PATH = "$(LOCAL_LIBRARY_DIR)/Frameworks";
				PRODUCT_BUNDLE_IDENTIFIER = org.lolay.LolayInvestigo;
				PRODUCT_NAME = "$(TARGET_NAME:c99extidentifier)";
				SKIP_INSTALL = YES;
				SWIFT_OPTIMIZATION_LEVEL = "-Onone";
				SWIFT_VERSION = 4.2;
				TARGETED_DEVICE_FAMILY = "1,2";
			};
			name = Debug;
		};
		4E2B43472228C15400CF2296 /* Release */ = {
			isa = XCBuildConfiguration;
			baseConfigurationReference = 3215B71B84F39629DBC34B73 /* Pods-LolayInvestigo.release.xcconfig */;
			buildSettings = {
				CLANG_ENABLE_MODULES = YES;
				CODE_SIGN_IDENTITY = "";
				CODE_SIGN_STYLE = Automatic;
				DEFINES_MODULE = YES;
				DYLIB_COMPATIBILITY_VERSION = 1;
				DYLIB_CURRENT_VERSION = 1;
				DYLIB_INSTALL_NAME_BASE = "@rpath";
				INFOPLIST_FILE = LolayInvestigo/Info.plist;
				INSTALL_PATH = "$(LOCAL_LIBRARY_DIR)/Frameworks";
				PRODUCT_BUNDLE_IDENTIFIER = org.lolay.LolayInvestigo;
				PRODUCT_NAME = "$(TARGET_NAME:c99extidentifier)";
				SKIP_INSTALL = YES;
				SWIFT_VERSION = 4.2;
				TARGETED_DEVICE_FAMILY = "1,2";
			};
			name = Release;
		};
		4E2B43492228C15400CF2296 /* Debug */ = {
			isa = XCBuildConfiguration;
			baseConfigurationReference = 9D3F217519E8E50FC1E20AE8 /* Pods-LolayInvestigoTests.debug.xcconfig */;
			buildSettings = {
				ALWAYS_EMBED_SWIFT_STANDARD_LIBRARIES = YES;
				CODE_SIGN_STYLE = Automatic;
				INFOPLIST_FILE = LolayInvestigoTests/Info.plist;
				LD_RUNPATH_SEARCH_PATHS = (
					"$(inherited)",
					"@executable_path/Frameworks",
					"@loader_path/Frameworks",
				);
				PRODUCT_BUNDLE_IDENTIFIER = org.lolay.LolayInvestigoTests;
				PRODUCT_NAME = "$(TARGET_NAME)";
				SWIFT_VERSION = 4.2;
				TARGETED_DEVICE_FAMILY = "1,2";
			};
			name = Debug;
		};
		4E2B434A2228C15400CF2296 /* Release */ = {
			isa = XCBuildConfiguration;
			baseConfigurationReference = D67C5B8629EFE31B777071E8 /* Pods-LolayInvestigoTests.release.xcconfig */;
			buildSettings = {
				ALWAYS_EMBED_SWIFT_STANDARD_LIBRARIES = YES;
				CODE_SIGN_STYLE = Automatic;
				INFOPLIST_FILE = LolayInvestigoTests/Info.plist;
				LD_RUNPATH_SEARCH_PATHS = (
					"$(inherited)",
					"@executable_path/Frameworks",
					"@loader_path/Frameworks",
				);
				PRODUCT_BUNDLE_IDENTIFIER = org.lolay.LolayInvestigoTests;
				PRODUCT_NAME = "$(TARGET_NAME)";
				SWIFT_VERSION = 4.2;
				TARGETED_DEVICE_FAMILY = "1,2";
			};
			name = Release;
		};
/* End XCBuildConfiguration section */

/* Begin XCConfigurationList section */
		4E2B432B2228C15400CF2296 /* Build configuration list for PBXProject "LolayInvestigo" */ = {
			isa = XCConfigurationList;
			buildConfigurations = (
				4E2B43432228C15400CF2296 /* Debug */,
				4E2B43442228C15400CF2296 /* Release */,
			);
			defaultConfigurationIsVisible = 0;
			defaultConfigurationName = Release;
		};
		4E2B43452228C15400CF2296 /* Build configuration list for PBXNativeTarget "LolayInvestigo" */ = {
			isa = XCConfigurationList;
			buildConfigurations = (
				4E2B43462228C15400CF2296 /* Debug */,
				4E2B43472228C15400CF2296 /* Release */,
			);
			defaultConfigurationIsVisible = 0;
			defaultConfigurationName = Release;
		};
		4E2B43482228C15400CF2296 /* Build configuration list for PBXNativeTarget "LolayInvestigoTests" */ = {
			isa = XCConfigurationList;
			buildConfigurations = (
				4E2B43492228C15400CF2296 /* Debug */,
				4E2B434A2228C15400CF2296 /* Release */,
			);
			defaultConfigurationIsVisible = 0;
			defaultConfigurationName = Release;
		};
/* End XCConfigurationList section */
	};
	rootObject = 4E2B43282228C15400CF2296 /* Project object */;
}
